PODS:
  - Flutter (1.0.0)
  - flutter_is_emulator (0.0.1):
    - Flutter

DEPENDENCIES:
  - Flutter (from `Pods/.symlinks/flutter/ios`)
  - flutter_is_emulator (from `Pods/.symlinks/plugins/flutter_is_emulator/ios`)

EXTERNAL SOURCES:
  Flutter:
    :path: Pods/.symlinks/flutter/ios
  flutter_is_emulator:
    :path: Pods/.symlinks/plugins/flutter_is_emulator/ios

SPEC CHECKSUMS:
  Flutter: 9d0fac939486c9aba2809b7982dfdbb47a7b0296
  flutter_is_emulator: dd4ab185246b304e1d84590f0f73cafc77b4ed0c

PODFILE CHECKSUM: 0420ab312a523ae0eecfb1fc19ea51dd82cc17c7

COCOAPODS: 1.4.0
